
Microsoft Visual Studio Solution File, Format Version 12.00
# Visual Studio Version 17
VisualStudioVersion = 17.3.32804.467
MinimumVisualStudioVersion = 10.0.40219.1
Project("{FAE04EC0-301F-11D3-BF4B-00C04F79EFBC}") = "pz_22", "pz_22.csproj", "{D9AE8945-103E-4BD0-AB3C-10AF14BC9323}"
EndProject
Global
	GlobalSection(SolutionConfigurationPlatforms) = preSolution
		Debug|Any CPU = Debug|Any CPU
		Release|Any CPU = Release|Any CPU
	EndGlobalSection
	GlobalSection(ProjectConfigurationPlatforms) = postSolution
		{D9AE8945-103E-4BD0-AB3C-10AF14BC9323}.Debug|Any CPU.ActiveCfg = Debug|Any CPU
		{D9AE8945-103E-4BD0-AB3C-10AF14BC9323}.Debug|Any CPU.Build.0 = Debug|Any CPU
		{D9AE8945-103E-4BD0-AB3C-10AF14BC9323}.Release|Any CPU.ActiveCfg = Release|Any CPU
		{D9AE8945-103E-4BD0-AB3C-10AF14BC9323}.Release|Any CPU.Build.0 = Release|Any CPU
	EndGlobalSection
	GlobalSection(SolutionProperties) = preSolution
		HideSolutionNode = FALSE
	EndGlobalSection
	GlobalSection(ExtensibilityGlobals) = postSolution
		SolutionGuid = {1EBD449C-D559-4497-8A0E-F289C7FF2E52}
	EndGlobalSection
EndGlobal
